// !$*UTF8*$!
{
	archiveVersion = 1;
	classes = {
	};
	objectVersion = 50;
	objects = {

/* Begin PBXBuildFile section */
		348655C92632529E009DD814 /* AppDelegate.swift in Sources */ = {isa = PBXBuildFile; fileRef = 348655C82632529E009DD814 /* AppDelegate.swift */; };
		348655CB2632529E009DD814 /* SceneDelegate.swift in Sources */ = {isa = PBXBuildFile; fileRef = 348655CA2632529E009DD814 /* SceneDelegate.swift */; };
		348655CD2632529E009DD814 /* ViewController.swift in Sources */ = {isa = PBXBuildFile; fileRef = 348655CC2632529E009DD814 /* ViewController.swift */; };
		348655D02632529E009DD814 /* Main.storyboard in Resources */ = {isa = PBXBuildFile; fileRef = 348655CE2632529E009DD814 /* Main.storyboard */; };
		348655D22632529F009DD814 /* Assets.xcassets in Resources */ = {isa = PBXBuildFile; fileRef = 348655D12632529F009DD814 /* Assets.xcassets */; };
		348655D52632529F009DD814 /* LaunchScreen.storyboard in Resources */ = {isa = PBXBuildFile; fileRef = 348655D32632529F009DD814 /* LaunchScreen.storyboard */; };
		348655E02632529F009DD814 /* UIPageVC_UIKit_CacheCheckSampleTests.swift in Sources */ = {isa = PBXBuildFile; fileRef = 348655DF2632529F009DD814 /* UIPageVC_UIKit_CacheCheckSampleTests.swift */; };
		348655EB2632529F009DD814 /* UIPageVC_UIKit_CacheCheckSampleUITests.swift in Sources */ = {isa = PBXBuildFile; fileRef = 348655EA2632529F009DD814 /* UIPageVC_UIKit_CacheCheckSampleUITests.swift */; };
/* End PBXBuildFile section */

/* Begin PBXContainerItemProxy section */
		348655DC2632529F009DD814 /* PBXContainerItemProxy */ = {
			isa = PBXContainerItemProxy;
			containerPortal = 348655BD2632529E009DD814 /* Project object */;
			proxyType = 1;
			remoteGlobalIDString = 348655C42632529E009DD814;
			remoteInfo = UIPageVC_UIKit_CacheCheckSample;
		};
		348655E72632529F009DD814 /* PBXContainerItemProxy */ = {
			isa = PBXContainerItemProxy;
			containerPortal = 348655BD2632529E009DD814 /* Project object */;
			proxyType = 1;
			remoteGlobalIDString = 348655C42632529E009DD814;
			remoteInfo = UIPageVC_UIKit_CacheCheckSample;
		};
/* End PBXContainerItemProxy section */

/* Begin PBXFileReference section */
		348655C52632529E009DD814 /* UIPageVC_UIKit_CacheCheckSample.app */ = {isa = PBXFileReference; explicitFileType = wrapper.application; includeInIndex = 0; path = UIPageVC_UIKit_CacheCheckSample.app; sourceTree = BUILT_PRODUCTS_DIR; };
		348655C82632529E009DD814 /* AppDelegate.swift */ = {isa = PBXFileReference; lastKnownFileType = sourcecode.swift; path = AppDelegate.swift; sourceTree = "<group>"; };
		348655CA2632529E009DD814 /* SceneDelegate.swift */ = {isa = PBXFileReference; lastKnownFileType = sourcecode.swift; path = SceneDelegate.swift; sourceTree = "<group>"; };
		348655CC2632529E009DD814 /* ViewController.swift */ = {isa = PBXFileReference; lastKnownFileType = sourcecode.swift; path = ViewController.swift; sourceTree = "<group>"; };
		348655CF2632529E009DD814 /* Base */ = {isa = PBXFileReference; lastKnownFileType = file.storyboard; name = Base; path = Base.lproj/Main.storyboard; sourceTree = "<group>"; };
		348655D12632529F009DD814 /* Assets.xcassets */ = {isa = PBXFileReference; lastKnownFileType = folder.assetcatalog; path = Assets.xcassets; sourceTree = "<group>"; };
		348655D42632529F009DD814 /* Base */ = {isa = PBXFileReference; lastKnownFileType = file.storyboard; name = Base; path = Base.lproj/LaunchScreen.storyboard; sourceTree = "<group>"; };
		348655D62632529F009DD814 /* Info.plist */ = {isa = PBXFileReference; lastKnownFileType = text.plist.xml; path = Info.plist; sourceTree = "<group>"; };
		348655DB2632529F009DD814 /* UIPageVC_UIKit_CacheCheckSampleTests.xctest */ = {isa = PBXFileReference; explicitFileType = wrapper.cfbundle; includeInIndex = 0; path = UIPageVC_UIKit_CacheCheckSampleTests.xctest; sourceTree = BUILT_PRODUCTS_DIR; };
		348655DF2632529F009DD814 /* UIPageVC_UIKit_CacheCheckSampleTests.swift */ = {isa = PBXFileReference; lastKnownFileType = sourcecode.swift; path = UIPageVC_UIKit_CacheCheckSampleTests.swift; sourceTree = "<group>"; };
		348655E12632529F009DD814 /* Info.plist */ = {isa = PBXFileReference; lastKnownFileType = text.plist.xml; path = Info.plist; sourceTree = "<group>"; };
		348655E62632529F009DD814 /* UIPageVC_UIKit_CacheCheckSampleUITests.xctest */ = {isa = PBXFileReference; explicitFileType = wrapper.cfbundle; includeInIndex = 0; path = UIPageVC_UIKit_CacheCheckSampleUITests.xctest; sourceTree = BUILT_PRODUCTS_DIR; };
		348655EA2632529F009DD814 /* UIPageVC_UIKit_CacheCheckSampleUITests.swift */ = {isa = PBXFileReference; lastKnownFileType = sourcecode.swift; path = UIPageVC_UIKit_CacheCheckSampleUITests.swift; sourceTree = "<group>"; };
		348655EC2632529F009DD814 /* Info.plist */ = {isa = PBXFileReference; lastKnownFileType = text.plist.xml; path = Info.plist; sourceTree = "<group>"; };
/* End PBXFileReference section */

/* Begin PBXFrameworksBuildPhase section */
		348655C22632529E009DD814 /* Frameworks */ = {
			isa = PBXFrameworksBuildPhase;
			buildActionMask = 2147483647;
			files = (
			);
			runOnlyForDeploymentPostprocessing = 0;
		};
		348655D82632529F009DD814 /* Frameworks */ = {
			isa = PBXFrameworksBuildPhase;
			buildActionMask = 2147483647;
			files = (
			);
			runOnlyForDeploymentPostprocessing = 0;
		};
		348655E32632529F009DD814 /* Frameworks */ = {
			isa = PBXFrameworksBuildPhase;
			buildActionMask = 2147483647;
			files = (
			);
			runOnlyForDeploymentPostprocessing = 0;
		};
/* End PBXFrameworksBuildPhase section */

/* Begin PBXGroup section */
		348655BC2632529E009DD814 = {
			isa = PBXGroup;
			children = (
				348655C72632529E009DD814 /* UIPageVC_UIKit_CacheCheckSample */,
				348655DE2632529F009DD814 /* UIPageVC_UIKit_CacheCheckSampleTests */,
				348655E92632529F009DD814 /* UIPageVC_UIKit_CacheCheckSampleUITests */,
				348655C62632529E009DD814 /* Products */,
			);
			sourceTree = "<group>";
		};
		348655C62632529E009DD814 /* Products */ = {
			isa = PBXGroup;
			children = (
				348655C52632529E009DD814 /* UIPageVC_UIKit_CacheCheckSample.app */,
				348655DB2632529F009DD814 /* UIPageVC_UIKit_CacheCheckSampleTests.xctest */,
				348655E62632529F009DD814 /* UIPageVC_UIKit_CacheCheckSampleUITests.xctest */,
			);
			name = Products;
			sourceTree = "<group>";
		};
		348655C72632529E009DD814 /* UIPageVC_UIKit_CacheCheckSample */ = {
			isa = PBXGroup;
			children = (
				348655C82632529E009DD814 /* AppDelegate.swift */,
				348655CA2632529E009DD814 /* SceneDelegate.swift */,
				348655CC2632529E009DD814 /* ViewController.swift */,
				348655CE2632529E009DD814 /* Main.storyboard */,
				348655D12632529F009DD814 /* Assets.xcassets */,
				348655D32632529F009DD814 /* LaunchScreen.storyboard */,
				348655D62632529F009DD814 /* Info.plist */,
			);
			path = UIPageVC_UIKit_CacheCheckSample;
			sourceTree = "<group>";
		};
		348655DE2632529F009DD814 /* UIPageVC_UIKit_CacheCheckSampleTests */ = {
			isa = PBXGroup;
			children = (
				348655DF2632529F009DD814 /* UIPageVC_UIKit_CacheCheckSampleTests.swift */,
				348655E12632529F009DD814 /* Info.plist */,
			);
			path = UIPageVC_UIKit_CacheCheckSampleTests;
			sourceTree = "<group>";
		};
		348655E92632529F009DD814 /* UIPageVC_UIKit_CacheCheckSampleUITests */ = {
			isa = PBXGroup;
			children = (
				348655EA2632529F009DD814 /* UIPageVC_UIKit_CacheCheckSampleUITests.swift */,
				348655EC2632529F009DD814 /* Info.plist */,
			);
			path = UIPageVC_UIKit_CacheCheckSampleUITests;
			sourceTree = "<group>";
		};
/* End PBXGroup section */

/* Begin PBXNativeTarget section */
		348655C42632529E009DD814 /* UIPageVC_UIKit_CacheCheckSample */ = {
			isa = PBXNativeTarget;
			buildConfigurationList = 348655EF2632529F009DD814 /* Build configuration list for PBXNativeTarget "UIPageVC_UIKit_CacheCheckSample" */;
			buildPhases = (
				348655C12632529E009DD814 /* Sources */,
				348655C22632529E009DD814 /* Frameworks */,
				348655C32632529E009DD814 /* Resources */,
			);
			buildRules = (
			);
			dependencies = (
			);
			name = UIPageVC_UIKit_CacheCheckSample;
			productName = UIPageVC_UIKit_CacheCheckSample;
			productReference = 348655C52632529E009DD814 /* UIPageVC_UIKit_CacheCheckSample.app */;
			productType = "com.apple.product-type.application";
		};
		348655DA2632529F009DD814 /* UIPageVC_UIKit_CacheCheckSampleTests */ = {
			isa = PBXNativeTarget;
			buildConfigurationList = 348655F22632529F009DD814 /* Build configuration list for PBXNativeTarget "UIPageVC_UIKit_CacheCheckSampleTests" */;
			buildPhases = (
				348655D72632529F009DD814 /* Sources */,
				348655D82632529F009DD814 /* Frameworks */,
				348655D92632529F009DD814 /* Resources */,
			);
			buildRules = (
			);
			dependencies = (
				348655DD2632529F009DD814 /* PBXTargetDependency */,
			);
			name = UIPageVC_UIKit_CacheCheckSampleTests;
			productName = UIPageVC_UIKit_CacheCheckSampleTests;
			productReference = 348655DB2632529F009DD814 /* UIPageVC_UIKit_CacheCheckSampleTests.xctest */;
			productType = "com.apple.product-type.bundle.unit-test";
		};
		348655E52632529F009DD814 /* UIPageVC_UIKit_CacheCheckSampleUITests */ = {
			isa = PBXNativeTarget;
			buildConfigurationList = 348655F52632529F009DD814 /* Build configuration list for PBXNativeTarget "UIPageVC_UIKit_CacheCheckSampleUITests" */;
			buildPhases = (
				348655E22632529F009DD814 /* Sources */,
				348655E32632529F009DD814 /* Frameworks */,
				348655E42632529F009DD814 /* Resources */,
			);
			buildRules = (
			);
			dependencies = (
				348655E82632529F009DD814 /* PBXTargetDependency */,
			);
			name = UIPageVC_UIKit_CacheCheckSampleUITests;
			productName = UIPageVC_UIKit_CacheCheckSampleUITests;
			productReference = 348655E62632529F009DD814 /* UIPageVC_UIKit_CacheCheckSampleUITests.xctest */;
			productType = "com.apple.product-type.bundle.ui-testing";
		};
/* End PBXNativeTarget section */

/* Begin PBXProject section */
		348655BD2632529E009DD814 /* Project object */ = {
			isa = PBXProject;
			attributes = {
				LastSwiftUpdateCheck = 1240;
				LastUpgradeCheck = 1240;
				TargetAttributes = {
					348655C42632529E009DD814 = {
						CreatedOnToolsVersion = 12.4;
					};
					348655DA2632529F009DD814 = {
						CreatedOnToolsVersion = 12.4;
						TestTargetID = 348655C42632529E009DD814;
					};
					348655E52632529F009DD814 = {
						CreatedOnToolsVersion = 12.4;
						TestTargetID = 348655C42632529E009DD814;
					};
				};
			};
			buildConfigurationList = 348655C02632529E009DD814 /* Build configuration list for PBXProject "UIPageVC_UIKit_CacheCheckSample" */;
			compatibilityVersion = "Xcode 9.3";
			developmentRegion = en;
			hasScannedForEncodings = 0;
			knownRegions = (
				en,
				Base,
			);
			mainGroup = 348655BC2632529E009DD814;
			productRefGroup = 348655C62632529E009DD814 /* Products */;
			projectDirPath = "";
			projectRoot = "";
			targets = (
				348655C42632529E009DD814 /* UIPageVC_UIKit_CacheCheckSample */,
				348655DA2632529F009DD814 /* UIPageVC_UIKit_CacheCheckSampleTests */,
				348655E52632529F009DD814 /* UIPageVC_UIKit_CacheCheckSampleUITests */,
			);
		};
/* End PBXProject section */

/* Begin PBXResourcesBuildPhase section */
		348655C32632529E009DD814 /* Resources */ = {
			isa = PBXResourcesBuildPhase;
			buildActionMask = 2147483647;
			files = (
				348655D52632529F009DD814 /* LaunchScreen.storyboard in Resources */,
				348655D22632529F009DD814 /* Assets.xcassets in Resources */,
				348655D02632529E009DD814 /* Main.storyboard in Resources */,
			);
			runOnlyForDeploymentPostprocessing = 0;
		};
		348655D92632529F009DD814 /* Resources */ = {
			isa = PBXResourcesBuildPhase;
			buildActionMask = 2147483647;
			files = (
			);
			runOnlyForDeploymentPostprocessing = 0;
		};
		348655E42632529F009DD814 /* Resources */ = {
			isa = PBXResourcesBuildPhase;
			buildActionMask = 2147483647;
			files = (
			);
			runOnlyForDeploymentPostprocessing = 0;
		};
/* End PBXResourcesBuildPhase section */

/* Begin PBXSourcesBuildPhase section */
		348655C12632529E009DD814 /* Sources */ = {
			isa = PBXSourcesBuildPhase;
			buildActionMask = 2147483647;
			files = (
				348655CD2632529E009DD814 /* ViewController.swift in Sources */,
				348655C92632529E009DD814 /* AppDelegate.swift in Sources */,
				348655CB2632529E009DD814 /* SceneDelegate.swift in Sources */,
			);
			runOnlyForDeploymentPostprocessing = 0;
		};
		348655D72632529F009DD814 /* Sources */ = {
			isa = PBXSourcesBuildPhase;
			buildActionMask = 2147483647;
			files = (
				348655E02632529F009DD814 /* UIPageVC_UIKit_CacheCheckSampleTests.swift in Sources */,
			);
			runOnlyForDeploymentPostprocessing = 0;
		};
		348655E22632529F009DD814 /* Sources */ = {
			isa = PBXSourcesBuildPhase;
			buildActionMask = 2147483647;
			files = (
				348655EB2632529F009DD814 /* UIPageVC_UIKit_CacheCheckSampleUITests.swift in Sources */,
			);
			runOnlyForDeploymentPostprocessing = 0;
		};
/* End PBXSourcesBuildPhase section */

/* Begin PBXTargetDependency section */
		348655DD2632529F009DD814 /* PBXTargetDependency */ = {
			isa = PBXTargetDependency;
			target = 348655C42632529E009DD814 /* UIPageVC_UIKit_CacheCheckSample */;
			targetProxy = 348655DC2632529F009DD814 /* PBXContainerItemProxy */;
		};
		348655E82632529F009DD814 /* PBXTargetDependency */ = {
			isa = PBXTargetDependency;
			target = 348655C42632529E009DD814 /* UIPageVC_UIKit_CacheCheckSample */;
			targetProxy = 348655E72632529F009DD814 /* PBXContainerItemProxy */;
		};
/* End PBXTargetDependency section */

/* Begin PBXVariantGroup section */
		348655CE2632529E009DD814 /* Main.storyboard */ = {
			isa = PBXVariantGroup;
			children = (
				348655CF2632529E009DD814 /* Base */,
			);
			name = Main.storyboard;
			sourceTree = "<group>";
		};
		348655D32632529F009DD814 /* LaunchScreen.storyboard */ = {
			isa = PBXVariantGroup;
			children = (
				348655D42632529F009DD814 /* Base */,
			);
			name = LaunchScreen.storyboard;
			sourceTree = "<group>";
		};
/* End PBXVariantGroup section */

/* Begin XCBuildConfiguration section */
		348655ED2632529F009DD814 /* Debug */ = {
			isa = XCBuildConfiguration;
			buildSettings = {
				ALWAYS_SEARCH_USER_PATHS = NO;
				CLANG_ANALYZER_NONNULL = YES;
				CLANG_ANALYZER_NUMBER_OBJECT_CONVERSION = YES_AGGRESSIVE;
				CLANG_CXX_LANGUAGE_STANDARD = "gnu++14";
				CLANG_CXX_LIBRARY = "libc++";
				CLANG_ENABLE_MODULES = YES;
				CLANG_ENABLE_OBJC_ARC = YES;
				CLANG_ENABLE_OBJC_WEAK = YES;
				CLANG_WARN_BLOCK_CAPTURE_AUTORELEASING = YES;
				CLANG_WARN_BOOL_CONVERSION = YES;
				CLANG_WARN_COMMA = YES;
				CLANG_WARN_CONSTANT_CONVERSION = YES;
				CLANG_WARN_DEPRECATED_OBJC_IMPLEMENTATIONS = YES;
				CLANG_WARN_DIRECT_OBJC_ISA_USAGE = YES_ERROR;
				CLANG_WARN_DOCUMENTATION_COMMENTS = YES;
				CLANG_WARN_EMPTY_BODY = YES;
				CLANG_WARN_ENUM_CONVERSION = YES;
				CLANG_WARN_INFINITE_RECURSION = YES;
				CLANG_WARN_INT_CONVERSION = YES;
				CLANG_WARN_NON_LITERAL_NULL_CONVERSION = YES;
				CLANG_WARN_OBJC_IMPLICIT_RETAIN_SELF = YES;
				CLANG_WARN_OBJC_LITERAL_CONVERSION = YES;
				CLANG_WARN_OBJC_ROOT_CLASS = YES_ERROR;
				CLANG_WARN_QUOTED_INCLUDE_IN_FRAMEWORK_HEADER = YES;
				CLANG_WARN_RANGE_LOOP_ANALYSIS = YES;
				CLANG_WARN_STRICT_PROTOTYPES = YES;
				CLANG_WARN_SUSPICIOUS_MOVE = YES;
				CLANG_WARN_UNGUARDED_AVAILABILITY = YES_AGGRESSIVE;
				CLANG_WARN_UNREACHABLE_CODE = YES;
				CLANG_WARN__DUPLICATE_METHOD_MATCH = YES;
				COPY_PHASE_STRIP = NO;
				DEBUG_INFORMATION_FORMAT = dwarf;
				ENABLE_STRICT_OBJC_MSGSEND = YES;
				ENABLE_TESTABILITY = YES;
				GCC_C_LANGUAGE_STANDARD = gnu11;
				GCC_DYNAMIC_NO_PIC = NO;
				GCC_NO_COMMON_BLOCKS = YES;
				GCC_OPTIMIZATION_LEVEL = 0;
				GCC_PREPROCESSOR_DEFINITIONS = (
					"DEBUG=1",
					"$(inherited)",
				);
				GCC_WARN_64_TO_32_BIT_CONVERSION = YES;
				GCC_WARN_ABOUT_RETURN_TYPE = YES_ERROR;
				GCC_WARN_UNDECLARED_SELECTOR = YES;
				GCC_WARN_UNINITIALIZED_AUTOS = YES_AGGRESSIVE;
				GCC_WARN_UNUSED_FUNCTION = YES;
				GCC_WARN_UNUSED_VARIABLE = YES;
				IPHONEOS_DEPLOYMENT_TARGET = 14.4;
				MTL_ENABLE_DEBUG_INFO = INCLUDE_SOURCE;
				MTL_FAST_MATH = YES;
				ONLY_ACTIVE_ARCH = YES;
				SDKROOT = iphoneos;
				SWIFT_ACTIVE_COMPILATION_CONDITIONS = DEBUG;
				SWIFT_OPTIMIZATION_LEVEL = "-Onone";
			};
			name = Debug;
		};
		348655EE2632529F009DD814 /* Release */ = {
			isa = XCBuildConfiguration;
			buildSettings = {
				ALWAYS_SEARCH_USER_PATHS = NO;
				CLANG_ANALYZER_NONNULL = YES;
				CLANG_ANALYZER_NUMBER_OBJECT_CONVERSION = YES_AGGRESSIVE;
				CLANG_CXX_LANGUAGE_STANDARD = "gnu++14";
				CLANG_CXX_LIBRARY = "libc++";
				CLANG_ENABLE_MODULES = YES;
				CLANG_ENABLE_OBJC_ARC = YES;
				CLANG_ENABLE_OBJC_WEAK = YES;
				CLANG_WARN_BLOCK_CAPTURE_AUTORELEASING = YES;
				CLANG_WARN_BOOL_CONVERSION = YES;
				CLANG_WARN_COMMA = YES;
				CLANG_WARN_CONSTANT_CONVERSION = YES;
				CLANG_WARN_DEPRECATED_OBJC_IMPLEMENTATIONS = YES;
				CLANG_WARN_DIRECT_OBJC_ISA_USAGE = YES_ERROR;
				CLANG_WARN_DOCUMENTATION_COMMENTS = YES;
				CLANG_WARN_EMPTY_BODY = YES;
				CLANG_WARN_ENUM_CONVERSION = YES;
				CLANG_WARN_INFINITE_RECURSION = YES;
				CLANG_WARN_INT_CONVERSION = YES;
				CLANG_WARN_NON_LITERAL_NULL_CONVERSION = YES;
				CLANG_WARN_OBJC_IMPLICIT_RETAIN_SELF = YES;
				CLANG_WARN_OBJC_LITERAL_CONVERSION = YES;
				CLANG_WARN_OBJC_ROOT_CLASS = YES_ERROR;
				CLANG_WARN_QUOTED_INCLUDE_IN_FRAMEWORK_HEADER = YES;
				CLANG_WARN_RANGE_LOOP_ANALYSIS = YES;
				CLANG_WARN_STRICT_PROTOTYPES = YES;
				CLANG_WARN_SUSPICIOUS_MOVE = YES;
				CLANG_WARN_UNGUARDED_AVAILABILITY = YES_AGGRESSIVE;
				CLANG_WARN_UNREACHABLE_CODE = YES;
				CLANG_WARN__DUPLICATE_METHOD_MATCH = YES;
				COPY_PHASE_STRIP = NO;
				DEBUG_INFORMATION_FORMAT = "dwarf-with-dsym";
				ENABLE_NS_ASSERTIONS = NO;
				ENABLE_STRICT_OBJC_MSGSEND = YES;
				GCC_C_LANGUAGE_STANDARD = gnu11;
				GCC_NO_COMMON_BLOCKS = YES;
				GCC_WARN_64_TO_32_BIT_CONVERSION = YES;
				GCC_WARN_ABOUT_RETURN_TYPE = YES_ERROR;
				GCC_WARN_UNDECLARED_SELECTOR = YES;
				GCC_WARN_UNINITIALIZED_AUTOS = YES_AGGRESSIVE;
				GCC_WARN_UNUSED_FUNCTION = YES;
				GCC_WARN_UNUSED_VARIABLE = YES;
				IPHONEOS_DEPLOYMENT_TARGET = 14.4;
				MTL_ENABLE_DEBUG_INFO = NO;
				MTL_FAST_MATH = YES;
				SDKROOT = iphoneos;
				SWIFT_COMPILATION_MODE = wholemodule;
				SWIFT_OPTIMIZATION_LEVEL = "-O";
				VALIDATE_PRODUCT = YES;
			};
			name = Release;
		};
		348655F02632529F009DD814 /* Debug */ = {
			isa = XCBuildConfiguration;
			buildSettings = {
				ASSETCATALOG_COMPILER_APPICON_NAME = AppIcon;
				ASSETCATALOG_COMPILER_GLOBAL_ACCENT_COLOR_NAME = AccentColor;
				CODE_SIGN_STYLE = Automatic;
				INFOPLIST_FILE = UIPageVC_UIKit_CacheCheckSample/Info.plist;
				LD_RUNPATH_SEARCH_PATHS = (
					"$(inherited)",
					"@executable_path/Frameworks",
				);
				PRODUCT_BUNDLE_IDENTIFIER = "uetyo.UIPageVC-UIKit-CacheCheckSample";
				PRODUCT_NAME = "$(TARGET_NAME)";
				SWIFT_VERSION = 5.0;
				TARGETED_DEVICE_FAMILY = "1,2";
			};
			name = Debug;
		};
		348655F12632529F009DD814 /* Release */ = {
			isa = XCBuildConfiguration;
			buildSettings = {
				ASSETCATALOG_COMPILER_APPICON_NAME = AppIcon;
				ASSETCATALOG_COMPILER_GLOBAL_ACCENT_COLOR_NAME = AccentColor;
				CODE_SIGN_STYLE = Automatic;
				INFOPLIST_FILE = UIPageVC_UIKit_CacheCheckSample/Info.plist;
				LD_RUNPATH_SEARCH_PATHS = (
					"$(inherited)",
					"@executable_path/Frameworks",
				);
				PRODUCT_BUNDLE_IDENTIFIER = "uetyo.UIPageVC-UIKit-CacheCheckSample";
				PRODUCT_NAME = "$(TARGET_NAME)";
				SWIFT_VERSION = 5.0;
				TARGETED_DEVICE_FAMILY = "1,2";
			};
			name = Release;
		};
		348655F32632529F009DD814 /* Debug */ = {
			isa = XCBuildConfiguration;
			buildSettings = {
				ALWAYS_EMBED_SWIFT_STANDARD_LIBRARIES = YES;
				BUNDLE_LOADER = "$(TEST_HOST)";
				CODE_SIGN_STYLE = Automatic;
				INFOPLIST_FILE = UIPageVC_UIKit_CacheCheckSampleTests/Info.plist;
				IPHONEOS_DEPLOYMENT_TARGET = 14.4;
				LD_RUNPATH_SEARCH_PATHS = (
					"$(inherited)",
					"@executable_path/Frameworks",
					"@loader_path/Frameworks",
				);
				PRODUCT_BUNDLE_IDENTIFIER = "uetyo.UIPageVC-UIKit-CacheCheckSampleTests";
				PRODUCT_NAME = "$(TARGET_NAME)";
				SWIFT_VERSION = 5.0;
				TARGETED_DEVICE_FAMILY = "1,2";
				TEST_HOST = "$(BUILT_PRODUCTS_DIR)/UIPageVC_UIKit_CacheCheckSample.app/UIPageVC_UIKit_CacheCheckSample";
			};
			name = Debug;
		};
		348655F42632529F009DD814 /* Release */ = {
			isa = XCBuildConfiguration;
			buildSettings = {
				ALWAYS_EMBED_SWIFT_STANDARD_LIBRARIES = YES;
				BUNDLE_LOADER = "$(TEST_HOST)";
				CODE_SIGN_STYLE = Automatic;
				INFOPLIST_FILE = UIPageVC_UIKit_CacheCheckSampleTests/Info.plist;
				IPHONEOS_DEPLOYMENT_TARGET = 14.4;
				LD_RUNPATH_SEARCH_PATHS = (
					"$(inherited)",
					"@executable_path/Frameworks",
					"@loader_path/Frameworks",
				);
				PRODUCT_BUNDLE_IDENTIFIER = "uetyo.UIPageVC-UIKit-CacheCheckSampleTests";
				PRODUCT_NAME = "$(TARGET_NAME)";
				SWIFT_VERSION = 5.0;
				TARGETED_DEVICE_FAMILY = "1,2";
				TEST_HOST = "$(BUILT_PRODUCTS_DIR)/UIPageVC_UIKit_CacheCheckSample.app/UIPageVC_UIKit_CacheCheckSample";
			};
			name = Release;
		};
		348655F62632529F009DD814 /* Debug */ = {
			isa = XCBuildConfiguration;
			buildSettings = {
				ALWAYS_EMBED_SWIFT_STANDARD_LIBRARIES = YES;
				CODE_SIGN_STYLE = Automatic;
				INFOPLIST_FILE = UIPageVC_UIKit_CacheCheckSampleUITests/Info.plist;
				LD_RUNPATH_SEARCH_PATHS = (
					"$(inherited)",
					"@executable_path/Frameworks",
					"@loader_path/Frameworks",
				);
				PRODUCT_BUNDLE_IDENTIFIER = "uetyo.UIPageVC-UIKit-CacheCheckSampleUITests";
				PRODUCT_NAME = "$(TARGET_NAME)";
				SWIFT_VERSION = 5.0;
				TARGETED_DEVICE_FAMILY = "1,2";
				TEST_TARGET_NAME = UIPageVC_UIKit_CacheCheckSample;
			};
			name = Debug;
		};
		348655F72632529F009DD814 /* Release */ = {
			isa = XCBuildConfiguration;
			buildSettings = {
				ALWAYS_EMBED_SWIFT_STANDARD_LIBRARIES = YES;
				CODE_SIGN_STYLE = Automatic;
				INFOPLIST_FILE = UIPageVC_UIKit_CacheCheckSampleUITests/Info.plist;
				LD_RUNPATH_SEARCH_PATHS = (
					"$(inherited)",
					"@executable_path/Frameworks",
					"@loader_path/Frameworks",
				);
				PRODUCT_BUNDLE_IDENTIFIER = "uetyo.UIPageVC-UIKit-CacheCheckSampleUITests";
				PRODUCT_NAME = "$(TARGET_NAME)";
				SWIFT_VERSION = 5.0;
				TARGETED_DEVICE_FAMILY = "1,2";
				TEST_TARGET_NAME = UIPageVC_UIKit_CacheCheckSample;
			};
			name = Release;
		};
/* End XCBuildConfiguration section */

/* Begin XCConfigurationList section */
		348655C02632529E009DD814 /* Build configuration list for PBXProject "UIPageVC_UIKit_CacheCheckSample" */ = {
			isa = XCConfigurationList;
			buildConfigurations = (
				348655ED2632529F009DD814 /* Debug */,
				348655EE2632529F009DD814 /* Release */,
			);
			defaultConfigurationIsVisible = 0;
			defaultConfigurationName = Release;
		};
		348655EF2632529F009DD814 /* Build configuration list for PBXNativeTarget "UIPageVC_UIKit_CacheCheckSample" */ = {
			isa = XCConfigurationList;
			buildConfigurations = (
				348655F02632529F009DD814 /* Debug */,
				348655F12632529F009DD814 /* Release */,
			);
			defaultConfigurationIsVisible = 0;
			defaultConfigurationName = Release;
		};
		348655F22632529F009DD814 /* Build configuration list for PBXNativeTarget "UIPageVC_UIKit_CacheCheckSampleTests" */ = {
			isa = XCConfigurationList;
			buildConfigurations = (
				348655F32632529F009DD814 /* Debug */,
				348655F42632529F009DD814 /* Release */,
			);
			defaultConfigurationIsVisible = 0;
			defaultConfigurationName = Release;
		};
		348655F52632529F009DD814 /* Build configuration list for PBXNativeTarget "UIPageVC_UIKit_CacheCheckSampleUITests" */ = {
			isa = XCConfigurationList;
			buildConfigurations = (
				348655F62632529F009DD814 /* Debug */,
				348655F72632529F009DD814 /* Release */,
			);
			defaultConfigurationIsVisible = 0;
			defaultConfigurationName = Release;
		};
/* End XCConfigurationList section */
	};
	rootObject = 348655BD2632529E009DD814 /* Project object */;
}
